
Microsoft Visual Studio Solution File, Format Version 12.00
# Visual Studio Version 17
VisualStudioVersion = 17.5.33530.505
MinimumVisualStudioVersion = 10.0.40219.1
Project("{FAE04EC0-301F-11D3-BF4B-00C04F79EFBC}") = "Vasmegye", "Vasmegye\Vasmegye.csproj", "{296ABEFE-77C9-47A4-9783-1A14D300EB33}"
EndProject
Global
	GlobalSection(SolutionConfigurationPlatforms) = preSolution
		Debug|Any CPU = Debug|Any CPU
		Release|Any CPU = Release|Any CPU
	EndGlobalSection
	GlobalSection(ProjectConfigurationPlatforms) = postSolution
		{296ABEFE-77C9-47A4-9783-1A14D300EB33}.Debug|Any CPU.ActiveCfg = Debug|Any CPU
		{296ABEFE-77C9-47A4-9783-1A14D300EB33}.Debug|Any CPU.Build.0 = Debug|Any CPU
		{296ABEFE-77C9-47A4-9783-1A14D300EB33}.Release|Any CPU.ActiveCfg = Release|Any CPU
		{296ABEFE-77C9-47A4-9783-1A14D300EB33}.Release|Any CPU.Build.0 = Release|Any CPU
	EndGlobalSection
	GlobalSection(SolutionProperties) = preSolution
		HideSolutionNode = FALSE
	EndGlobalSection
	GlobalSection(ExtensibilityGlobals) = postSolution
		SolutionGuid = {B30C6024-30A6-488A-A6B3-8A8876AA92A7}
	EndGlobalSection
EndGlobal
